
Microsoft Visual Studio Solution File, Format Version 12.00
# Visual Studio Version 17
VisualStudioVersion = 17.12.35707.178 d17.12
MinimumVisualStudioVersion = 10.0.40219.1
Project("{FAE04EC0-301F-11D3-BF4B-00C04F79EFBC}") = "ServicesRest", "ServicesRest\ServicesRest.csproj", "{C9A9CB5C-7D88-4AA0-9F29-BD67D6569B72}"
EndProject
Project("{FAE04EC0-301F-11D3-BF4B-00C04F79EFBC}") = "ServicesRest.Infrastructure", "ServicesRest.Infrastructure\ServicesRest.Infrastructure.csproj", "{FB7CDDBA-060A-47DC-B0F7-A4439AAFBC85}"
EndProject
Project("{FAE04EC0-301F-11D3-BF4B-00C04F79EFBC}") = "ServicesRest.Domain", "ServicesRest.Domain\ServicesRest.Domain.csproj", "{5253A6EC-F41D-41BB-BC38-051C91236400}"
EndProject
Project("{FAE04EC0-301F-11D3-BF4B-00C04F79EFBC}") = "ServicesRest.Application", "ServicesRest.Application\ServicesRest.Application.csproj", "{486B7909-339F-43DB-B32B-E1DE1525FB6F}"
EndProject
Global
	GlobalSection(SolutionConfigurationPlatforms) = preSolution
		Debug|Any CPU = Debug|Any CPU
		Release|Any CPU = Release|Any CPU
	EndGlobalSection
	GlobalSection(ProjectConfigurationPlatforms) = postSolution
		{C9A9CB5C-7D88-4AA0-9F29-BD67D6569B72}.Debug|Any CPU.ActiveCfg = Debug|Any CPU
		{C9A9CB5C-7D88-4AA0-9F29-BD67D6569B72}.Debug|Any CPU.Build.0 = Debug|Any CPU
		{C9A9CB5C-7D88-4AA0-9F29-BD67D6569B72}.Release|Any CPU.ActiveCfg = Release|Any CPU
		{C9A9CB5C-7D88-4AA0-9F29-BD67D6569B72}.Release|Any CPU.Build.0 = Release|Any CPU
		{FB7CDDBA-060A-47DC-B0F7-A4439AAFBC85}.Debug|Any CPU.ActiveCfg = Debug|Any CPU
		{FB7CDDBA-060A-47DC-B0F7-A4439AAFBC85}.Debug|Any CPU.Build.0 = Debug|Any CPU
		{FB7CDDBA-060A-47DC-B0F7-A4439AAFBC85}.Release|Any CPU.ActiveCfg = Release|Any CPU
		{FB7CDDBA-060A-47DC-B0F7-A4439AAFBC85}.Release|Any CPU.Build.0 = Release|Any CPU
		{5253A6EC-F41D-41BB-BC38-051C91236400}.Debug|Any CPU.ActiveCfg = Debug|Any CPU
		{5253A6EC-F41D-41BB-BC38-051C91236400}.Debug|Any CPU.Build.0 = Debug|Any CPU
		{5253A6EC-F41D-41BB-BC38-051C91236400}.Release|Any CPU.ActiveCfg = Release|Any CPU
		{5253A6EC-F41D-41BB-BC38-051C91236400}.Release|Any CPU.Build.0 = Release|Any CPU
		{486B7909-339F-43DB-B32B-E1DE1525FB6F}.Debug|Any CPU.ActiveCfg = Debug|Any CPU
		{486B7909-339F-43DB-B32B-E1DE1525FB6F}.Debug|Any CPU.Build.0 = Debug|Any CPU
		{486B7909-339F-43DB-B32B-E1DE1525FB6F}.Release|Any CPU.ActiveCfg = Release|Any CPU
		{486B7909-339F-43DB-B32B-E1DE1525FB6F}.Release|Any CPU.Build.0 = Release|Any CPU
	EndGlobalSection
	GlobalSection(SolutionProperties) = preSolution
		HideSolutionNode = FALSE
	EndGlobalSection
EndGlobal
